
Microsoft Visual Studio Solution File, Format Version 12.00
# Visual Studio Version 17
VisualStudioVersion = 17.0.31903.59
MinimumVisualStudioVersion = 10.0.40219.1
Project("{2150E333-8FDC-42A3-9474-1A3956D46DE8}") = "src", "src", "{2078E571-64F5-437E-BA7A-8AF2B2771F5F}"
EndProject
Project("{2150E333-8FDC-42A3-9474-1A3956D46DE8}") = "BuildingBlocks", "BuildingBlocks", "{845441B7-AB8E-40A7-8AA4-10AEE0351578}"
EndProject
Project("{FAE04EC0-301F-11D3-BF4B-00C04F79EFBC}") = "BuildingBlocks.EventBus", "src\BuildingBlocks\EventBus\BuildingBlocks.EventBus.csproj", "{5CEB2409-29A1-41F0-B5B3-97C24F94243D}"
EndProject
Project("{2150E333-8FDC-42A3-9474-1A3956D46DE8}") = "Services", "Services", "{F48DD768-7E2C-4D84-8566-475597CB07C7}"
EndProject
Project("{2150E333-8FDC-42A3-9474-1A3956D46DE8}") = "Payments", "Payments", "{5DBB303E-26A5-493B-80DB-20A94FAC9671}"
EndProject
Project("{FAE04EC0-301F-11D3-BF4B-00C04F79EFBC}") = "Payments.API", "src\Services\Payments\Payments.API\Payments.API.csproj", "{C9677624-C8ED-4B53-985C-090CA1017F42}"
EndProject
Project("{2150E333-8FDC-42A3-9474-1A3956D46DE8}") = "Identity", "Identity", "{D63300FA-3039-4663-BCB8-E83215B3EF5D}"
EndProject
Project("{FAE04EC0-301F-11D3-BF4B-00C04F79EFBC}") = "Identity.API", "src\Services\Identity\Identity.API\Identity.API.csproj", "{48B523FD-2F52-490F-A200-08ED503CB45E}"
EndProject
Project("{2150E333-8FDC-42A3-9474-1A3956D46DE8}") = "Catalog", "Catalog", "{1F127550-7751-4547-AE97-131AF01E393A}"
EndProject
Project("{FAE04EC0-301F-11D3-BF4B-00C04F79EFBC}") = "Catalog.API", "src\Services\Catalog\Catalog.API\Catalog.API.csproj", "{BC644C56-D412-43F2-870D-69946CE34AFC}"
EndProject
Project("{2150E333-8FDC-42A3-9474-1A3956D46DE8}") = "Orders", "Orders", "{047949B5-7EB5-4D22-924D-653C8FE02D99}"
EndProject
Project("{FAE04EC0-301F-11D3-BF4B-00C04F79EFBC}") = "Orders.API", "src\Services\Orders\Orders.API\Orders.API.csproj", "{4CB388D6-1351-43D6-B686-789C23FDB4A9}"
EndProject
Project("{FAE04EC0-301F-11D3-BF4B-00C04F79EFBC}") = "ApiGateway", "src\ApiGateway\ApiGateway.csproj", "{F68D7FDA-A01E-4F4A-98BE-38900F44F0D9}"
EndProject
Project("{2150E333-8FDC-42A3-9474-1A3956D46DE8}") = "tests", "tests", "{EB5B4CF2-9CBC-4AE5-A6A7-0AB68C2C4D9D}"
EndProject
Project("{FAE04EC0-301F-11D3-BF4B-00C04F79EFBC}") = "Catalog.API.Tests", "tests\Catalog.API.Tests\Catalog.API.Tests.csproj", "{D30F25FD-849C-4616-96C2-93F280146D52}"
EndProject
Global
	GlobalSection(SolutionConfigurationPlatforms) = preSolution
		Debug|Any CPU = Debug|Any CPU
		Release|Any CPU = Release|Any CPU
	EndGlobalSection
	GlobalSection(SolutionProperties) = preSolution
		HideSolutionNode = FALSE
	EndGlobalSection
	GlobalSection(ProjectConfigurationPlatforms) = postSolution
		{5CEB2409-29A1-41F0-B5B3-97C24F94243D}.Debug|Any CPU.ActiveCfg = Debug|Any CPU
		{5CEB2409-29A1-41F0-B5B3-97C24F94243D}.Debug|Any CPU.Build.0 = Debug|Any CPU
		{5CEB2409-29A1-41F0-B5B3-97C24F94243D}.Release|Any CPU.ActiveCfg = Release|Any CPU
		{5CEB2409-29A1-41F0-B5B3-97C24F94243D}.Release|Any CPU.Build.0 = Release|Any CPU
		{C9677624-C8ED-4B53-985C-090CA1017F42}.Debug|Any CPU.ActiveCfg = Debug|Any CPU
		{C9677624-C8ED-4B53-985C-090CA1017F42}.Debug|Any CPU.Build.0 = Debug|Any CPU
		{C9677624-C8ED-4B53-985C-090CA1017F42}.Release|Any CPU.ActiveCfg = Release|Any CPU
		{C9677624-C8ED-4B53-985C-090CA1017F42}.Release|Any CPU.Build.0 = Release|Any CPU
		{48B523FD-2F52-490F-A200-08ED503CB45E}.Debug|Any CPU.ActiveCfg = Debug|Any CPU
		{48B523FD-2F52-490F-A200-08ED503CB45E}.Debug|Any CPU.Build.0 = Debug|Any CPU
		{48B523FD-2F52-490F-A200-08ED503CB45E}.Release|Any CPU.ActiveCfg = Release|Any CPU
		{48B523FD-2F52-490F-A200-08ED503CB45E}.Release|Any CPU.Build.0 = Release|Any CPU
		{BC644C56-D412-43F2-870D-69946CE34AFC}.Debug|Any CPU.ActiveCfg = Debug|Any CPU
		{BC644C56-D412-43F2-870D-69946CE34AFC}.Debug|Any CPU.Build.0 = Debug|Any CPU
		{BC644C56-D412-43F2-870D-69946CE34AFC}.Release|Any CPU.ActiveCfg = Release|Any CPU
		{BC644C56-D412-43F2-870D-69946CE34AFC}.Release|Any CPU.Build.0 = Release|Any CPU
		{4CB388D6-1351-43D6-B686-789C23FDB4A9}.Debug|Any CPU.ActiveCfg = Debug|Any CPU
		{4CB388D6-1351-43D6-B686-789C23FDB4A9}.Debug|Any CPU.Build.0 = Debug|Any CPU
		{4CB388D6-1351-43D6-B686-789C23FDB4A9}.Release|Any CPU.ActiveCfg = Release|Any CPU
		{4CB388D6-1351-43D6-B686-789C23FDB4A9}.Release|Any CPU.Build.0 = Release|Any CPU
		{F68D7FDA-A01E-4F4A-98BE-38900F44F0D9}.Debug|Any CPU.ActiveCfg = Debug|Any CPU
		{F68D7FDA-A01E-4F4A-98BE-38900F44F0D9}.Debug|Any CPU.Build.0 = Debug|Any CPU
		{F68D7FDA-A01E-4F4A-98BE-38900F44F0D9}.Release|Any CPU.ActiveCfg = Release|Any CPU
		{F68D7FDA-A01E-4F4A-98BE-38900F44F0D9}.Release|Any CPU.Build.0 = Release|Any CPU
		{D30F25FD-849C-4616-96C2-93F280146D52}.Debug|Any CPU.ActiveCfg = Debug|Any CPU
		{D30F25FD-849C-4616-96C2-93F280146D52}.Debug|Any CPU.Build.0 = Debug|Any CPU
		{D30F25FD-849C-4616-96C2-93F280146D52}.Release|Any CPU.ActiveCfg = Release|Any CPU
		{D30F25FD-849C-4616-96C2-93F280146D52}.Release|Any CPU.Build.0 = Release|Any CPU
	EndGlobalSection
	GlobalSection(NestedProjects) = preSolution
		{845441B7-AB8E-40A7-8AA4-10AEE0351578} = {2078E571-64F5-437E-BA7A-8AF2B2771F5F}
		{5CEB2409-29A1-41F0-B5B3-97C24F94243D} = {845441B7-AB8E-40A7-8AA4-10AEE0351578}
		{F48DD768-7E2C-4D84-8566-475597CB07C7} = {2078E571-64F5-437E-BA7A-8AF2B2771F5F}
		{5DBB303E-26A5-493B-80DB-20A94FAC9671} = {F48DD768-7E2C-4D84-8566-475597CB07C7}
		{C9677624-C8ED-4B53-985C-090CA1017F42} = {5DBB303E-26A5-493B-80DB-20A94FAC9671}
		{D63300FA-3039-4663-BCB8-E83215B3EF5D} = {F48DD768-7E2C-4D84-8566-475597CB07C7}
		{48B523FD-2F52-490F-A200-08ED503CB45E} = {D63300FA-3039-4663-BCB8-E83215B3EF5D}
		{1F127550-7751-4547-AE97-131AF01E393A} = {F48DD768-7E2C-4D84-8566-475597CB07C7}
		{BC644C56-D412-43F2-870D-69946CE34AFC} = {1F127550-7751-4547-AE97-131AF01E393A}
		{047949B5-7EB5-4D22-924D-653C8FE02D99} = {F48DD768-7E2C-4D84-8566-475597CB07C7}
		{4CB388D6-1351-43D6-B686-789C23FDB4A9} = {047949B5-7EB5-4D22-924D-653C8FE02D99}
		{F68D7FDA-A01E-4F4A-98BE-38900F44F0D9} = {2078E571-64F5-437E-BA7A-8AF2B2771F5F}
		{D30F25FD-849C-4616-96C2-93F280146D52} = {EB5B4CF2-9CBC-4AE5-A6A7-0AB68C2C4D9D}
	EndGlobalSection
EndGlobal
